Microsoft Visual Studio Solution File, Format Version 12.00
# Visual Studio Version 17
VisualStudioVersion = 17.8.34322.80
MinimumVisualStudioVersion = 10.0.40219.0
Project("{2150E333-8FDC-42A3-9474-1A3956D46DE8}") = "src", "src", "{1A1A1A1A-1A1A-1A1A-1A1A-1A1A1A1A1A1A}"
EndProject
Project("{2150E333-8FDC-42A3-9474-1A3956D46DE8}") = "tests", "tests", "{2B2B2B2B-2B2B-2B2B-2B2B-2B2B2B2B2B2B}"
EndProject
Project("{2150E333-8FDC-42A3-9474-1A3956D46DE8}") = "Shared", "Shared", "{3C3C3C3C-3C3C-3C3C-3C3C-3C3C3C3C3C3C}"
EndProject
Project("{2150E333-8FDC-42A3-9474-1A3956D46DE8}") = "ProductCatalog", "ProductCatalog", "{4D4D4D4D-4D4D-4D4D-4D4D-4D4D4D4D4D4D}"
EndProject
Project("{2150E333-8FDC-42A3-9474-1A3956D46DE8}") = "Inventory", "Inventory", "{5D5D5D5D-5D5D-5D5D-5D5D-5D5D5D5D5D5D}"
EndProject
Project("{2150E333-8FDC-42A3-9474-1A3956D46DE8}") = "Cart", "Cart", "{6E6E6E6E-6E6E-6E6E-6E6E-6E6E6E6E6E6E}"
EndProject
Project("{FAE04EC0-301F-11D3-BF4B-00C04F79EFBC}") = "ECommerceMvp.Shared.Domain", "src\Shared\ECommerceMvp.Shared.Domain\ECommerceMvp.Shared.Domain.csproj", "{5E5E5E5E-5E5E-5E5E-5E5E-5E5E5E5E5E5E}"
EndProject
Project("{FAE04EC0-301F-11D3-BF4B-00C04F79EFBC}") = "ECommerceMvp.Shared.Application", "src\Shared\ECommerceMvp.Shared.Application\ECommerceMvp.Shared.Application.csproj", "{6F6F6F6F-6F6F-6F6F-6F6F-6F6F6F6F6F6F}"
EndProject
Project("{FAE04EC0-301F-11D3-BF4B-00C04F79EFBC}") = "ECommerceMvp.Shared.Infrastructure", "src\Shared\ECommerceMvp.Shared.Infrastructure\ECommerceMvp.Shared.Infrastructure.csproj", "{7G7G7G7G-7G7G-7G7G-7G7G-7G7G7G7G7G7G}"
EndProject
Project("{FAE04EC0-301F-11D3-BF4B-00C04F79EFBC}") = "ECommerceMvp.ProductCatalog.Domain", "src\ProductCatalog\ECommerceMvp.ProductCatalog.Domain\ECommerceMvp.ProductCatalog.Domain.csproj", "{8H8H8H8H-8H8H-8H8H-8H8H-8H8H8H8H8H8H}"
EndProject
Project("{FAE04EC0-301F-11D3-BF4B-00C04F79EFBC}") = "ECommerceMvp.ProductCatalog.Application", "src\ProductCatalog\ECommerceMvp.ProductCatalog.Application\ECommerceMvp.ProductCatalog.Application.csproj", "{9I9I9I9I-9I9I-9I9I-9I9I-9I9I9I9I9I9I}"
EndProject
Project("{FAE04EC0-301F-11D3-BF4B-00C04F79EFBC}") = "ECommerceMvp.ProductCatalog.Infrastructure", "src\ProductCatalog\ECommerceMvp.ProductCatalog.Infrastructure\ECommerceMvp.ProductCatalog.Infrastructure.csproj", "{10J10J10J-10J0-10J0-10J0-10J010J010J0}"
EndProject
Project("{FAE04EC0-301F-11D3-BF4B-00C04F79EFBC}") = "ECommerceMvp.ProductCatalog.CommandApi", "src\ProductCatalog\ECommerceMvp.ProductCatalog.CommandApi\ECommerceMvp.ProductCatalog.CommandApi.csproj", "{11K11K11K-11K1-11K1-11K1-11K111K111K1}"
EndProject
Project("{FAE04EC0-301F-11D3-BF4B-00C04F79EFBC}") = "ECommerceMvp.ProductCatalog.CommandHandler", "src\ProductCatalog\ECommerceMvp.ProductCatalog.CommandHandler\ECommerceMvp.ProductCatalog.CommandHandler.csproj", "{12L12L12L-12L2-12L2-12L2-12L212L212L2}"
EndProject
Project("{FAE04EC0-301F-11D3-BF4B-00C04F79EFBC}") = "ECommerceMvp.ProductCatalog.EventHandler", "src\ProductCatalog\ECommerceMvp.ProductCatalog.EventHandler\ECommerceMvp.ProductCatalog.EventHandler.csproj", "{13M13M13M-13M3-13M3-13M3-13M313M313M3}"
EndProject
Project("{FAE04EC0-301F-11D3-BF4B-00C04F79EFBC}") = "ECommerceMvp.ProductCatalog.QueryApi", "src\ProductCatalog\ECommerceMvp.ProductCatalog.QueryApi\ECommerceMvp.ProductCatalog.QueryApi.csproj", "{14N14N14N-14N4-14N4-14N4-14N414N414N4}"
EndProject
Project("{FAE04EC0-301F-11D3-BF4B-00C04F79EFBC}") = "ECommerceMvp.Inventory.Domain", "src\Inventory\ECommerceMvp.Inventory.Domain\ECommerceMvp.Inventory.Domain.csproj", "{17Q17Q17Q-17Q7-17Q7-17Q7-17Q717Q717Q7}"
EndProject
Project("{FAE04EC0-301F-11D3-BF4B-00C04F79EFBC}") = "ECommerceMvp.Inventory.Application", "src\Inventory\ECommerceMvp.Inventory.Application\ECommerceMvp.Inventory.Application.csproj", "{18R18R18R-18R8-18R8-18R8-18R818R818R8}"
EndProject
Project("{FAE04EC0-301F-11D3-BF4B-00C04F79EFBC}") = "ECommerceMvp.Inventory.Infrastructure", "src\Inventory\ECommerceMvp.Inventory.Infrastructure\ECommerceMvp.Inventory.Infrastructure.csproj", "{19S19S19S-19S9-19S9-19S9-19S919S919S9}"
EndProject
Project("{FAE04EC0-301F-11D3-BF4B-00C04F79EFBC}") = "ECommerceMvp.Inventory.CommandApi", "src\Inventory\ECommerceMvp.Inventory.CommandApi\ECommerceMvp.Inventory.CommandApi.csproj", "{20T20T20T-20T0-20T0-20T0-20T020T020T0}"
EndProject
Project("{FAE04EC0-301F-11D3-BF4B-00C04F79EFBC}") = "ECommerceMvp.Inventory.CommandHandler", "src\Inventory\ECommerceMvp.Inventory.CommandHandler\ECommerceMvp.Inventory.CommandHandler.csproj", "{21U21U21U-21U1-21U1-21U1-21U121U121U1}"
EndProject
Project("{FAE04EC0-301F-11D3-BF4B-00C04F79EFBC}") = "ECommerceMvp.Inventory.EventHandler", "src\Inventory\ECommerceMvp.Inventory.EventHandler\ECommerceMvp.Inventory.EventHandler.csproj", "{22V22V22V-22V2-22V2-22V2-22V222V222V2}"
EndProject
Project("{FAE04EC0-301F-11D3-BF4B-00C04F79EFBC}") = "ECommerceMvp.Inventory.QueryApi", "src\Inventory\ECommerceMvp.Inventory.QueryApi\ECommerceMvp.Inventory.QueryApi.csproj", "{23W23W23W-23W3-23W3-23W3-23W323W323W3}"
EndProject
Project("{FAE04EC0-301F-11D3-BF4B-00C04F79EFBC}") = "ECommerceMvp.ProductCatalog.Domain.Tests", "tests\ECommerceMvp.ProductCatalog.Domain.Tests\ECommerceMvp.ProductCatalog.Domain.Tests.csproj", "{15O15O15O-15O5-15O5-15O5-15O515O515O5}"
EndProject
Project("{FAE04EC0-301F-11D3-BF4B-00C04F79EFBC}") = "ECommerceMvp.ProductCatalog.Application.Tests", "tests\ECommerceMvp.ProductCatalog.Application.Tests\ECommerceMvp.ProductCatalog.Application.Tests.csproj", "{16P16P16P-16P6-16P6-16P6-16P616P616P6}"
EndProject
Project("{FAE04EC0-301F-11D3-BF4B-00C04F79EFBC}") = "ECommerceMvp.Cart.Domain", "src\Cart\ECommerceMvp.Cart.Domain\ECommerceMvp.Cart.Domain.csproj", "{24X24X24X-24X4-24X4-24X4-24X424X424X4}"
EndProject
Project("{FAE04EC0-301F-11D3-BF4B-00C04F79EFBC}") = "ECommerceMvp.Cart.Application", "src\Cart\ECommerceMvp.Cart.Application\ECommerceMvp.Cart.Application.csproj", "{25Y25Y25Y-25Y5-25Y5-25Y5-25Y525Y525Y5}"
EndProject
Project("{FAE04EC0-301F-11D3-BF4B-00C04F79EFBC}") = "ECommerceMvp.Cart.Infrastructure", "src\Cart\ECommerceMvp.Cart.Infrastructure\ECommerceMvp.Cart.Infrastructure.csproj", "{26Z26Z26Z-26Z6-26Z6-26Z6-26Z626Z626Z6}"
EndProject
Project("{FAE04EC0-301F-11D3-BF4B-00C04F79EFBC}") = "ECommerceMvp.Cart.CommandApi", "src\Cart\ECommerceMvp.Cart.CommandApi\ECommerceMvp.Cart.CommandApi.csproj", "{27A27A27A-27A7-27A7-27A7-27A727A727A7}"
EndProject
Project("{FAE04EC0-301F-11D3-BF4B-00C04F79EFBC}") = "ECommerceMvp.Cart.CommandHandler", "src\Cart\ECommerceMvp.Cart.CommandHandler\ECommerceMvp.Cart.CommandHandler.csproj", "{28B28B28B-28B8-28B8-28B8-28B828B828B8}"
EndProject
Project("{FAE04EC0-301F-11D3-BF4B-00C04F79EFBC}") = "ECommerceMvp.Cart.QueryApi", "src\Cart\ECommerceMvp.Cart.QueryApi\ECommerceMvp.Cart.QueryApi.csproj", "{29C29C29C-29C9-29C9-29C9-29C929C929C9}"
EndProject
Project("{FAE04EC0-301F-11D3-BF4B-00C04F79EFBC}") = "ECommerceMvp.Cart.EventHandler", "src\Cart\ECommerceMvp.Cart.EventHandler\ECommerceMvp.Cart.EventHandler.csproj", "{30D30D30D-30D0-30D0-30D0-30D030D030D0}"
EndProject
Global
	GlobalSection(SolutionConfigurationPlatforms) = preSolution
		Debug|Any CPU = Debug|Any CPU
		Release|Any CPU = Release|Any CPU
	EndGlobalSection
	GlobalSection(ProjectConfigurationPlatforms) = postSolution
		{5E5E5E5E-5E5E-5E5E-5E5E-5E5E5E5E5E5E}.Debug|Any CPU.ActiveCfg = Debug|Any CPU
		{5E5E5E5E-5E5E-5E5E-5E5E-5E5E5E5E5E5E}.Debug|Any CPU.Build.0 = Debug|Any CPU
		{5E5E5E5E-5E5E-5E5E-5E5E-5E5E5E5E5E5E}.Release|Any CPU.ActiveCfg = Release|Any CPU
		{5E5E5E5E-5E5E-5E5E-5E5E-5E5E-5E5E-5E5E5E}.Release|Any CPU.Build.0 = Release|Any CPU
		{6F6F6F6F-6F6F-6F6F-6F6F-6F6F6F6F6F6F}.Debug|Any CPU.ActiveCfg = Debug|Any CPU
		{6F6F6F6F-6F6F-6F6F-6F6F-6F6F6F6F6F6F}.Debug|Any CPU.Build.0 = Debug|Any CPU
		{6F6F6F6F-6F6F-6F6F-6F6F-6F6F6F6F6F6F}.Release|Any CPU.ActiveCfg = Release|Any CPU
		{6F6F6F6F-6F6F-6F6F-6F6F-6F6F6F6F6F6F}.Release|Any CPU.Build.0 = Release|Any CPU
		{7G7G7G7G-7G7G-7G7G-7G7G-7G7G7G7G7G7G}.Debug|Any CPU.ActiveCfg = Debug|Any CPU
		{7G7G7G7G-7G7G-7G7G-7G7G-7G7G7G7G7G7G}.Debug|Any CPU.Build.0 = Debug|Any CPU
		{7G7G7G7G-7G7G-7G7G-7G7G-7G7G7G7G7G7G}.Release|Any CPU.ActiveCfg = Release|Any CPU
		{7G7G7G7G-7G7G-7G7G-7G7G-7G7G7G7G7G7G}.Release|Any CPU.Build.0 = Release|Any CPU
		{8H8H8H8H-8H8H-8H8H-8H8H-8H8H8H8H8H8H}.Debug|Any CPU.ActiveCfg = Debug|Any CPU
		{8H8H8H8H-8H8H-8H8H-8H8H-8H8H8H8H8H8H}.Debug|Any CPU.Build.0 = Debug|Any CPU
		{8H8H8H8H-8H8H-8H8H-8H8H-8H8H8H8H8H8H}.Release|Any CPU.ActiveCfg = Release|Any CPU
		{8H8H8H8H-8H8H-8H8H-8H8H-8H8H8H8H8H8H}.Release|Any CPU.Build.0 = Release|Any CPU
		{9I9I9I9I-9I9I-9I9I-9I9I-9I9I9I9I9I9I}.Debug|Any CPU.ActiveCfg = Debug|Any CPU
		{9I9I9I9I-9I9I-9I9I-9I9I-9I9I9I9I9I9I}.Debug|Any CPU.Build.0 = Debug|Any CPU
		{9I9I9I9I-9I9I-9I9I-9I9I-9I9I9I9I9I9I}.Release|Any CPU.ActiveCfg = Release|Any CPU
		{9I9I9I9I-9I9I-9I9I-9I9I-9I9I9I9I9I9I}.Release|Any CPU.Build.0 = Release|Any CPU
		{10J10J10J-10J0-10J0-10J0-10J010J010J0}.Debug|Any CPU.ActiveCfg = Debug|Any CPU
		{10J10J10J-10J0-10J0-10J0-10J010J010J0}.Debug|Any CPU.Build.0 = Debug|Any CPU
		{10J10J10J-10J0-10J0-10J0-10J010J010J0}.Release|Any CPU.ActiveCfg = Release|Any CPU
		{10J10J10J-10J0-10J0-10J0-10J010J010J0}.Release|Any CPU.Build.0 = Release|Any CPU
		{11K11K11K-11K1-11K1-11K1-11K111K111K1}.Debug|Any CPU.ActiveCfg = Debug|Any CPU
		{11K11K11K-11K1-11K1-11K1-11K111K111K1}.Debug|Any CPU.Build.0 = Debug|Any CPU
		{11K11K11K-11K1-11K1-11K1-11K111K111K1}.Release|Any CPU.ActiveCfg = Release|Any CPU
		{11K11K11K-11K1-11K1-11K1-11K111K111K1}.Release|Any CPU.Build.0 = Release|Any CPU
		{12L12L12L-12L2-12L2-12L2-12L212L212L2}.Debug|Any CPU.ActiveCfg = Debug|Any CPU
		{12L12L12L-12L2-12L2-12L2-12L212L212L2}.Debug|Any CPU.Build.0 = Debug|Any CPU
		{12L12L12L-12L2-12L2-12L2-12L212L212L2}.Release|Any CPU.ActiveCfg = Release|Any CPU
		{12L12L12L-12L2-12L2-12L2-12L212L212L2}.Release|Any CPU.Build.0 = Release|Any CPU
		{13M13M13M-13M3-13M3-13M3-13M313M313M3}.Debug|Any CPU.ActiveCfg = Debug|Any CPU
		{13M13M13M-13M3-13M3-13M3-13M313M313M3}.Debug|Any CPU.Build.0 = Debug|Any CPU
		{13M13M13M-13M3-13M3-13M3-13M313M313M3}.Release|Any CPU.ActiveCfg = Release|Any CPU
		{13M13M13M-13M3-13M3-13M3-13M313M313M3}.Release|Any CPU.Build.0 = Release|Any CPU
		{14N14N14N-14N4-14N4-14N4-14N414N414N4}.Debug|Any CPU.ActiveCfg = Debug|Any CPU
		{14N14N14N-14N4-14N4-14N4-14N414N414N4}.Debug|Any CPU.Build.0 = Debug|Any CPU
		{14N14N14N-14N4-14N4-14N4-14N414N414N4}.Release|Any CPU.ActiveCfg = Release|Any CPU
		{14N14N14N-14N4-14N4-14N4-14N414N414N4}.Release|Any CPU.Build.0 = Release|Any CPU
		{17Q17Q17Q-17Q7-17Q7-17Q7-17Q717Q717Q7}.Debug|Any CPU.ActiveCfg = Debug|Any CPU
		{17Q17Q17Q-17Q7-17Q7-17Q7-17Q717Q717Q7}.Debug|Any CPU.Build.0 = Debug|Any CPU
		{17Q17Q17Q-17Q7-17Q7-17Q7-17Q717Q717Q7}.Release|Any CPU.ActiveCfg = Release|Any CPU
		{17Q17Q17Q-17Q7-17Q7-17Q7-17Q717Q717Q7}.Release|Any CPU.Build.0 = Release|Any CPU
		{18R18R18R-18R8-18R8-18R8-18R818R818R8}.Debug|Any CPU.ActiveCfg = Debug|Any CPU
		{18R18R18R-18R8-18R8-18R8-18R818R818R8}.Debug|Any CPU.Build.0 = Debug|Any CPU
		{18R18R18R-18R8-18R8-18R8-18R818R818R8}.Release|Any CPU.ActiveCfg = Release|Any CPU
		{18R18R18R-18R8-18R8-18R8-18R818R818R8}.Release|Any CPU.Build.0 = Release|Any CPU
		{19S19S19S-19S9-19S9-19S9-19S919S919S9}.Debug|Any CPU.ActiveCfg = Debug|Any CPU
		{19S19S19S-19S9-19S9-19S9-19S919S919S9}.Debug|Any CPU.Build.0 = Debug|Any CPU
		{19S19S19S-19S9-19S9-19S9-19S919S919S9}.Release|Any CPU.ActiveCfg = Release|Any CPU
		{19S19S19S-19S9-19S9-19S9-19S919S919S9}.Release|Any CPU.Build.0 = Release|Any CPU
		{20T20T20T-20T0-20T0-20T0-20T020T020T0}.Debug|Any CPU.ActiveCfg = Debug|Any CPU
		{20T20T20T-20T0-20T0-20T0-20T020T020T0}.Debug|Any CPU.Build.0 = Debug|Any CPU
		{20T20T20T-20T0-20T0-20T0-20T020T020T0}.Release|Any CPU.ActiveCfg = Release|Any CPU
		{20T20T20T-20T0-20T0-20T0-20T020T020T0}.Release|Any CPU.Build.0 = Release|Any CPU
		{21U21U21U-21U1-21U1-21U1-21U121U121U1}.Debug|Any CPU.ActiveCfg = Debug|Any CPU
		{21U21U21U-21U1-21U1-21U1-21U121U121U1}.Debug|Any CPU.Build.0 = Debug|Any CPU
		{21U21U21U-21U1-21U1-21U1-21U121U121U1}.Release|Any CPU.ActiveCfg = Release|Any CPU
		{21U21U21U-21U1-21U1-21U1-21U121U121U1}.Release|Any CPU.Build.0 = Release|Any CPU
		{22V22V22V-22V2-22V2-22V2-22V222V222V2}.Debug|Any CPU.ActiveCfg = Debug|Any CPU
		{22V22V22V-22V2-22V2-22V2-22V222V222V2}.Debug|Any CPU.Build.0 = Debug|Any CPU
		{22V22V22V-22V2-22V2-22V2-22V222V222V2}.Release|Any CPU.ActiveCfg = Release|Any CPU
		{22V22V22V-22V2-22V2-22V2-22V222V222V2}.Release|Any CPU.Build.0 = Release|Any CPU
		{23W23W23W-23W3-23W3-23W3-23W323W323W3}.Debug|Any CPU.ActiveCfg = Debug|Any CPU
		{23W23W23W-23W3-23W3-23W3-23W323W323W3}.Debug|Any CPU.Build.0 = Debug|Any CPU
		{23W23W23W-23W3-23W3-23W3-23W323W323W3}.Release|Any CPU.ActiveCfg = Release|Any CPU
		{23W23W23W-23W3-23W3-23W3-23W323W323W3}.Release|Any CPU.Build.0 = Release|Any CPU
		{15O15O15O-15O5-15O5-15O5-15O515O515O5}.Debug|Any CPU.ActiveCfg = Debug|Any CPU
		{15O15O15O-15O5-15O5-15O5-15O515O515O5}.Debug|Any CPU.Build.0 = Debug|Any CPU
		{15O15O15O-15O5-15O5-15O5-15O515O515O5}.Release|Any CPU.ActiveCfg = Release|Any CPU
		{15O15O15O-15O5-15O5-15O5-15O515O515O5}.Release|Any CPU.Build.0 = Release|Any CPU
		{16P16P16P-16P6-16P6-16P6-16P616P616P6}.Debug|Any CPU.ActiveCfg = Debug|Any CPU
		{16P16P16P-16P6-16P6-16P6-16P616P616P6}.Debug|Any CPU.Build.0 = Debug|Any CPU
		{16P16P16P-16P6-16P6-16P6-16P616P616P6}.Release|Any CPU.ActiveCfg = Release|Any CPU
		{16P16P16P-16P6-16P6-16P6-16P616P616P6}.Release|Any CPU.Build.0 = Release|Any CPU
		{24X24X24X-24X4-24X4-24X4-24X424X424X4}.Debug|Any CPU.ActiveCfg = Debug|Any CPU
		{24X24X24X-24X4-24X4-24X4-24X424X424X4}.Debug|Any CPU.Build.0 = Debug|Any CPU
		{24X24X24X-24X4-24X4-24X4-24X424X424X4}.Release|Any CPU.ActiveCfg = Release|Any CPU
		{24X24X24X-24X4-24X4-24X4-24X424X424X4}.Release|Any CPU.Build.0 = Release|Any CPU
		{25Y25Y25Y-25Y5-25Y5-25Y5-25Y525Y525Y5}.Debug|Any CPU.ActiveCfg = Debug|Any CPU
		{25Y25Y25Y-25Y5-25Y5-25Y5-25Y525Y525Y5}.Debug|Any CPU.Build.0 = Debug|Any CPU
		{25Y25Y25Y-25Y5-25Y5-25Y5-25Y525Y525Y5}.Release|Any CPU.ActiveCfg = Release|Any CPU
		{25Y25Y25Y-25Y5-25Y5-25Y5-25Y525Y525Y5}.Release|Any CPU.Build.0 = Release|Any CPU
		{26Z26Z26Z-26Z6-26Z6-26Z6-26Z626Z626Z6}.Debug|Any CPU.ActiveCfg = Debug|Any CPU
		{26Z26Z26Z-26Z6-26Z6-26Z6-26Z626Z626Z6}.Debug|Any CPU.Build.0 = Debug|Any CPU
		{26Z26Z26Z-26Z6-26Z6-26Z6-26Z626Z626Z6}.Release|Any CPU.ActiveCfg = Release|Any CPU
		{26Z26Z26Z-26Z6-26Z6-26Z6-26Z626Z626Z6}.Release|Any CPU.Build.0 = Release|Any CPU
		{27A27A27A-27A7-27A7-27A7-27A727A727A7}.Debug|Any CPU.ActiveCfg = Debug|Any CPU
		{27A27A27A-27A7-27A7-27A7-27A727A727A7}.Debug|Any CPU.Build.0 = Debug|Any CPU
		{27A27A27A-27A7-27A7-27A7-27A727A727A7}.Release|Any CPU.ActiveCfg = Release|Any CPU
		{27A27A27A-27A7-27A7-27A7-27A727A727A7}.Release|Any CPU.Build.0 = Release|Any CPU
		{28B28B28B-28B8-28B8-28B8-28B828B828B8}.Debug|Any CPU.ActiveCfg = Debug|Any CPU
		{28B28B28B-28B8-28B8-28B8-28B828B828B8}.Debug|Any CPU.Build.0 = Debug|Any CPU
		{28B28B28B-28B8-28B8-28B8-28B828B828B8}.Release|Any CPU.ActiveCfg = Release|Any CPU
		{28B28B28B-28B8-28B8-28B8-28B828B828B8}.Release|Any CPU.Build.0 = Release|Any CPU
		{29C29C29C-29C9-29C9-29C9-29C929C929C9}.Debug|Any CPU.ActiveCfg = Debug|Any CPU
		{29C29C29C-29C9-29C9-29C9-29C929C929C9}.Debug|Any CPU.Build.0 = Debug|Any CPU
		{29C29C29C-29C9-29C9-29C9-29C929C929C9}.Release|Any CPU.ActiveCfg = Release|Any CPU
		{29C29C29C-29C9-29C9-29C9-29C929C929C9}.Release|Any CPU.Build.0 = Release|Any CPU
		{30D30D30D-30D0-30D0-30D0-30D030D030D0}.Debug|Any CPU.ActiveCfg = Debug|Any CPU
		{30D30D30D-30D0-30D0-30D0-30D030D030D0}.Debug|Any CPU.Build.0 = Debug|Any CPU
		{30D30D30D-30D0-30D0-30D0-30D030D030D0}.Release|Any CPU.ActiveCfg = Release|Any CPU
		{30D30D30D-30D0-30D0-30D0-30D030D030D0}.Release|Any CPU.Build.0 = Release|Any CPU
	EndGlobalSection
	GlobalSection(NestedProjects) = preSolution
		{3C3C3C3C-3C3C-3C3C-3C3C-3C3C3C3C3C3C} = {1A1A1A1A-1A1A-1A1A-1A1A-1A1A1A1A1A1A}
		{4D4D4D4D-4D4D-4D4D-4D4D-4D4D4D4D4D4D} = {1A1A1A1A-1A1A-1A1A-1A1A-1A1A1A1A1A1A}
		{5D5D5D5D-5D5D-5D5D-5D5D-5D5D5D5D5D5D} = {1A1A1A1A-1A1A-1A1A-1A1A-1A1A1A1A1A1A}
		{5E5E5E5E-5E5E-5E5E-5E5E-5E5E5E5E5E5E} = {3C3C3C3C-3C3C-3C3C-3C3C-3C3C3C3C3C3C}
		{6F6F6F6F-6F6F-6F6F-6F6F-6F6F6F6F6F6F} = {3C3C3C3C-3C3C-3C3C-3C3C-3C3C3C3C3C3C}
		{7G7G7G7G-7G7G-7G7G-7G7G-7G7G7G7G7G7G} = {3C3C3C3C-3C3C-3C3C-3C3C-3C3C3C3C3C3C}
		{8H8H8H8H-8H8H-8H8H-8H8H-8H8H8H8H8H8H} = {4D4D4D4D-4D4D-4D4D-4D4D-4D4D4D4D4D4D}
		{9I9I9I9I-9I9I-9I9I-9I9I-9I9I9I9I9I9I} = {4D4D4D4D-4D4D-4D4D-4D4D-4D4D4D4D4D4D}
		{10J10J10J-10J0-10J0-10J0-10J010J010J0} = {4D4D4D4D-4D4D-4D4D-4D4D-4D4D4D4D4D4D}
		{11K11K11K-11K1-11K1-11K1-11K111K111K1} = {4D4D4D4D-4D4D-4D4D-4D4D-4D4D4D4D4D4D}
		{12L12L12L-12L2-12L2-12L2-12L212L212L2} = {4D4D4D4D-4D4D-4D4D-4D4D-4D4D4D4D4D4D}
		{13M13M13M-13M3-13M3-13M3-13M313M313M3} = {4D4D4D4D-4D4D-4D4D-4D4D-4D4D4D4D4D4D}
		{14N14N14N-14N4-14N4-14N4-14N414N414N4} = {4D4D4D4D-4D4D-4D4D-4D4D-4D4D4D4D4D4D}
		{17Q17Q17Q-17Q7-17Q7-17Q7-17Q717Q717Q7} = {5D5D5D5D-5D5D-5D5D-5D5D-5D5D5D5D5D5D}
		{18R18R18R-18R8-18R8-18R8-18R818R818R8} = {5D5D5D5D-5D5D-5D5D-5D5D-5D5D5D5D5D5D}
		{19S19S19S-19S9-19S9-19S9-19S919S919S9} = {5D5D5D5D-5D5D-5D5D-5D5D-5D5D5D5D5D5D}
		{20T20T20T-20T0-20T0-20T0-20T020T020T0} = {5D5D5D5D-5D5D-5D5D-5D5D-5D5D5D5D5D5D}
		{21U21U21U-21U1-21U1-21U1-21U121U121U1} = {5D5D5D5D-5D5D-5D5D-5D5D-5D5D5D5D5D5D}
		{22V22V22V-22V2-22V2-22V2-22V222V222V2} = {5D5D5D5D-5D5D-5D5D-5D5D-5D5D5D5D5D5D}
		{23W23W23W-23W3-23W3-23W3-23W323W323W3} = {5D5D5D5D-5D5D-5D5D-5D5D-5D5D5D5D5D5D}
		{15O15O15O-15O5-15O5-15O5-15O515O515O5} = {2B2B2B2B-2B2B-2B2B-2B2B-2B2B2B2B2B2B}
		{16P16P16P-16P6-16P6-16P6-16P616P616P6} = {2B2B2B2B-2B2B-2B2B-2B2B-2B2B2B2B2B2B}
		{24X24X24X-24X4-24X4-24X4-24X424X424X4} = {6E6E6E6E-6E6E-6E6E-6E6E-6E6E6E6E6E6E}
		{25Y25Y25Y-25Y5-25Y5-25Y5-25Y525Y525Y5} = {6E6E6E6E-6E6E-6E6E-6E6E-6E6E6E6E6E6E}
		{26Z26Z26Z-26Z6-26Z6-26Z6-26Z626Z626Z6} = {6E6E6E6E-6E6E-6E6E-6E6E-6E6E6E6E6E6E}
		{27A27A27A-27A7-27A7-27A7-27A727A727A7} = {6E6E6E6E-6E6E-6E6E-6E6E-6E6E6E6E6E6E}
		{28B28B28B-28B8-28B8-28B8-28B828B828B8} = {6E6E6E6E-6E6E-6E6E-6E6E-6E6E6E6E6E6E}
		{29C29C29C-29C9-29C9-29C9-29C929C929C9} = {6E6E6E6E-6E6E-6E6E-6E6E-6E6E6E6E6E6E}
		{30D30D30D-30D0-30D0-30D0-30D030D030D0} = {6E6E6E6E-6E6E-6E6E-6E6E-6E6E6E6E6E6E}
	EndGlobalSection
EndGlobal